{
    "version": "0.5",
    "requires": [
        "zstd/1.5.5#93372fe14bb7883bd4de82914e0a1841%1680716977.025",
        "zlib/1.3.1#b8bc2603263cf7eccbd6e17e66b0ed76%1733936244.862",
        "xz_utils/5.4.0#186e94237b66f785e4ea095f2f621a56%1678279440.056",
        "xorg/system#de8fc1917bb3d11cf7a1d15eccf79c16%1681842477.341",
        "xkeyboard-config/system#493c19865261899b6633ecb43ce536d6%1672760927.706",
        "xkbcommon/1.6.0#06776a6aa42a7fd93244c4d1fd517be9%1741781632.663",
        "wayland/1.22.0#1c16e2c8d5fa247354d2903edc7da512%1749222679.335",
        "vulkan-loader/1.3.239.0#9599fdff19ef2e78223bdd9b63e730ac%1683206636.34",
        "vulkan-headers/1.3.239.0#3f678623fcd7aa3a39015b5770f4f31d%1678552504.81",
        "vorbis/1.3.7#d936fd8c850f0c7c4021e24e55e6352c%1677753970.154",
        "vdpau/system#bdd7d010c4e3d8762a8f6f08a3cf6760%1681427145.051",
        "vaapi/system#9fa40059fb979af4f9b301b84fb2dfa1%1681427134.881",
        "tesseract/5.5.0#cc1f274c2b9c226ef36863aaf26c68ea%1740400515.402",
        "stb/cci.20240531#ede183dce303916dab0c1b835df3926a%1720366012.336",
        "sqlite3/3.49.1#8631739a4c9b93bd3d6b753bac548a63%1740462952.817",
        "sqlite-burrito/0.2.4@conan-burrito/stable#e999d2de23ec2ed120c39d319ad51ac5%1754076662.4618244",
        "spdlog/1.9.2#a8e50eaf9821d376c7a26f8408a87134%1681336080.305",
        "sdl/2.32.2#c7ab0fd21ad5f0bd48e9c3cc3f14995b%1750877611.982",
        "opus/1.4#d87c608b1df136de943b02656e166c4e%1746796769.145",
        "openssl/1.1.1t#7d9fc949345908e1b8609d9d9f528a08%1678477939.241",
        "openjpeg/2.5.0#e3684ea8ab1cfc6707a461b0b2d0bb9c%1676243845.422",
        "openh264/2.4.1#e7b055ba4fc635a6a3e0dbec088e18ea%1732788772.808",
        "opengl/system#b29589c04d6df84c110d6acb066ab653%1681425065.802",
        "ogg/1.3.5#062626875f5c8c59f069f76f148098ef%1676030023.878",
        "nlohmann_json/3.12.0#2d634ab0ec8d9f56353e5ccef6d6612c%1744735883.94",
        "lyra/1.6.1#7ec368ee0f9ba9f34ae72e466d2b3b51%1667926079.486",
        "libxml2/2.13.8#06138534f18dd953b35cad0dc3a08451%1747039371.412",
        "libx265/3.4#fb1af2d1f0f1c8aa25510237f1d86c39%1678266734.824",
        "libx264/cci.20220602#1847939486c0bfc5141898c469f9fff4%1680075880.704",
        "libwebp/1.3.2#dbed2923d1d09411a7c2efa89700fa71%1739359611.675",
        "libvpx/1.14.1#3b2a56aea1e29b9a8f7753030c620f38%1723790838.997",
        "libunwind/1.8.0#045502d366b4ce2bc52a492648e62d2b%1711959369.934",
        "libtiff/4.6.0#4da0526f164841afb3b8f3f3603b6b0a%1751958990.059",
        "libsvtav1/2.1.0#3afefba35b1b1218a700c4699f0c84b2%1739359600.393",
        "libpng/1.6.50#c96b3b9fa67d44545d6583bb0c348904%1751616189.701",
        "libmp3lame/3.100#44b12d19316eb2b223d98d3e75dae438%1674992501.853",
        "libjpeg/9e#68269859e4325ddc3f995d1fd3fc9187%1674953155.168",
        "libiconv/1.17#fa54397801cd96911a8294bc5fc76335%1675449822.495",
        "libffi/3.4.8#a045c00fb26779635e3bed40e80c5254%1753360042.396",
        "libfdk_aac/2.0.3#0115f6598be7303e042684e3a846b12d%1720774838.081",
        "libdeflate/1.22#f95aebe763153ccbc4cc76c023e42e5a%1728201690.347",
        "libcurl/8.0.1#f77377233a799d3d8c1e916586194002%1682409261.74",
        "libbacktrace/cci.20210118#ec1aa63bbc10145c6a299e68e711670c%1676205469.545",
        "libarchive/3.7.9#ccfcd1200bad50b111fb730160af8197%1748945097.934",
        "libaom-av1/3.6.1#a2b22c70d6fce43887881431808ab8a6%1722584909.89",
        "libalsa/1.2.10#e64d5e1ced869a2f676145bab4f4a181%1724146566.895",
        "leptonica/1.83.1#58142618f0f8f12e20c333c45871c1d2%1731424016.463",
        "jbig/20160605#2d29fa02aacd76902e0d2cbbc24631ef%1676066289.194",
        "indicators/2.2#fac1ef0b3e28e04bf597449f03326624%1676516036.175",
        "imgui/cci.20220621+1.88.docking#409f50db557426a7ac8dcd4dabb305f8%1685800193.0",
        "glad/0.1.36#c926453afdd9d5f72cc4ee6a8fff7d73%1678839632.23",
        "giflib/5.2.1#15033c544d771fa992cda180c0a1f8e0%1678831544.445",
        "getopt-for-visual-studio/20200201#32ee360e2552fe65ad8bec52edcd64fd",
        "freetype/2.13.2#5d2563803c8558d4ef47271a82c73d20%1728736671.752",
        "fmt/8.0.1#83a72a784eab50272df627a2f17a69be%1675126491.658",
        "ffmpeg/7.1.1#bc902a6c4ea39b9281e011c7411080c7%1747730852.987",
        "expat/2.7.1#b0b67ba910c5147271b444139ca06953%1743502492.76",
        "egl/system#068ac3037d8cf01f768d0e001e6dcd76%1681426530.637",
        "dav1d/1.4.3#5e2459e132c77183bd16d23d12fd8f4a%1720718852.932",
        "cpuinfo/cci.20231129#15e94782b128bee8bfd047f6102a4d21%1716817358.974",
        "catch2/3.8.1#141f4cd552b86c7278436c434473ae2f%1746216399.318",
        "bzip2/1.0.8#411fc05e80d47a89045edc1ee6f23c1d%1678293522.814",
        "brotli/1.1.0#406ce8f1c997f4ef7852fa01ff85ef9f%1743158659.041",
        "boost/1.88.0#8852c0b72ce8271fb8ff7c53456d4983%1750780640.186"
    ],
    "build_requires": [
        "zlib/1.3.1#b8bc2603263cf7eccbd6e17e66b0ed76%1733936244.862",
        "zlib/1.2.13#e377bee636333ae348d51ca90874e353%1682597484.674",
        "yasm/1.3.0#fb800a15413dca19bfaef9e4b5d50694%1676208399.011",
        "wayland-protocols/1.33#e50e231235a3ed2c09f01196aa34e120%1743002532.508",
        "wayland-protocols/1.31#52be073a4183abb8dcdeaa1e8626bcef%1679950893.432",
        "wayland/1.22.0#1c16e2c8d5fa247354d2903edc7da512%1749222679.335",
        "wayland/1.21.0#19b20330f8177672377bd400c0990833%1676551827.016",
        "strawberryperl/5.32.1.1#8f83d05a60363a422f9033e52d106b47%1666134191.176",
        "pkgconf/2.2.0#6462942a22803086372db44689ba825f%1713364853.749",
        "pkgconf/2.1.0#27f44583701117b571307cf5b5fe5605%1701537936.436",
        "pkgconf/1.9.3#a920b5c7f8d04f22b9fe03db91a864dd%1677509382.92",
        "ninja/1.11.1#63bca91350508f335754f5f9e17ec989%1681981792.086",
        "nasm/2.16.01#31e26f2ee3c4346ecd347911bd126904%1745483323.489",
        "nasm/2.15.05#799d63b1672a337584b09635b0f22fc1%1675256619.737",
        "msys2/cci.latest#567331f1604f3c584f04feade960f06e",
        "meson/1.4.1#43b753adf9a089cadfa17c8034f5c897%1726730117.486",
        "meson/1.4.0#2262941cc8fbb0099dd0c196ca2a6c01%1726730116.631",
        "meson/1.3.2#26ce8a76a36cc275cdfee1d757bc6561%1726730118.251",
        "meson/1.3.0#39e72c134c60664acd1368390f663f85%1726730116.956",
        "meson/1.2.2#21b73818ba96d9eea465b310b5bbc993%1726730120.212",
        "meson/1.0.0#15586c0ac6f682805875ef903dbe7ee2%1673885561.647",
        "m4/1.4.19#c1c4b1ee919e34630bb9b50046253d3c%1676610086.39",
        "libxml2/2.13.8#06138534f18dd953b35cad0dc3a08451%1747039371.412",
        "libxml2/2.10.3#1cbaf81341e07fcb0e61dadee882a193%1678328553.703",
        "libtool/2.4.7#d55a3c2435c19e830fa77aa5c6c19350%1677509454.216",
        "libiconv/1.17#fa54397801cd96911a8294bc5fc76335%1675449822.495",
        "libffi/3.4.8#a045c00fb26779635e3bed40e80c5254%1753360042.396",
        "libffi/3.4.3#280be66b6614f257140e5ff0c982cc01%1682699083.727",
        "gnu-config/cci.20210814#15c3bf7dfdb743977b84d0321534ad90%1681250000.747",
        "flex/2.6.4#e35bc44b3fcbcd661e0af0dc5b5b1ad4%1674818991.113",
        "expat/2.7.1#b0b67ba910c5147271b444139ca06953%1743502492.76",
        "expat/2.5.0#7fde619c77c77a50ca72364bc92c4907%1678277250.98",
        "cmake/3.31.8#dde3bde00bb843687e55aea5afa0e220%1751628300.59",
        "cmake/3.25.3#586c962fa58ccc886a7b2667f7c19ab9%1678699428.979",
        "bison/3.8.2#a8e86b304f8085ddbb22395c99a9a0a8%1671620227.654",
        "b2/5.3.3#107c15377719889654eb9a162a673975%1750340310.079",
        "b2/4.9.6#2e02945ad41739b8051247d14fe8297d%1679927934.674",
        "automake/1.16.5#891f585a736bce951cc0e7109aa5ffee%1674664460.353",
        "autoconf/2.71#f4e2bd681d49b4b80761aa587bde94d5%1676387919.088"
    ],
    "python_requires": [],
    "overrides": {
        "xz_utils/5.4.2": [
            "xz_utils/5.4.0"
        ],
        "openssl/[>=1.1 <4]": [
            "openssl/1.1.1t"
        ],
        "xz_utils/5.4.0": [
            "xz_utils/5.4.0#186e94237b66f785e4ea095f2f621a56"
        ],
        "zlib/[>=1.2.11 <2]": [
            "zlib/1.3.1"
        ],
        "xz_utils/5.4.5": [
            "xz_utils/5.4.0#186e94237b66f785e4ea095f2f621a56"
        ],
        "zlib/[>=1.2.10 <2]": [
            "zlib/1.3.1#b8bc2603263cf7eccbd6e17e66b0ed76"
        ],
        "xz_utils/[>=5.4.5 <6]": [
            "xz_utils/5.4.0#186e94237b66f785e4ea095f2f621a56"
        ],
        "zlib/1.2.13": [
            "zlib/1.3.1#b8bc2603263cf7eccbd6e17e66b0ed76"
        ]
    },
    "config_requires": []
}